
Microsoft Visual Studio Solution File, Format Version 12.00
# Visual Studio Version 17
VisualStudioVersion = 17.7.34202.233
MinimumVisualStudioVersion = 10.0.40219.1
Project("{FAE04EC0-301F-11D3-BF4B-00C04F79EFBC}") = "Area_newone", "Area_newone\Area_newone.csproj", "{90B4574F-7F99-4727-8C13-2AC114053C42}"
EndProject
Global
	GlobalSection(SolutionConfigurationPlatforms) = preSolution
		Debug|Any CPU = Debug|Any CPU
		Release|Any CPU = Release|Any CPU
	EndGlobalSection
	GlobalSection(ProjectConfigurationPlatforms) = postSolution
		{90B4574F-7F99-4727-8C13-2AC114053C42}.Debug|Any CPU.ActiveCfg = Debug|Any CPU
		{90B4574F-7F99-4727-8C13-2AC114053C42}.Debug|Any CPU.Build.0 = Debug|Any CPU
		{90B4574F-7F99-4727-8C13-2AC114053C42}.Release|Any CPU.ActiveCfg = Release|Any CPU
		{90B4574F-7F99-4727-8C13-2AC114053C42}.Release|Any CPU.Build.0 = Release|Any CPU
	EndGlobalSection
	GlobalSection(SolutionProperties) = preSolution
		HideSolutionNode = FALSE
	EndGlobalSection
	GlobalSection(ExtensibilityGlobals) = postSolution
		SolutionGuid = {E3C5881A-6A39-47B6-9310-2B54452BC9A1}
	EndGlobalSection
EndGlobal
